
Microsoft Visual Studio Solution File, Format Version 12.00
# Visual Studio Version 17
VisualStudioVersion = 17.10.35013.160
MinimumVisualStudioVersion = 10.0.40219.1
Project("{FAE04EC0-301F-11D3-BF4B-00C04F79EFBC}") = "examination_System", "examination_System\examination_System.csproj", "{2C0C1D87-B811-46AA-B70D-08094F5C99DE}"
EndProject
Global
	GlobalSection(SolutionConfigurationPlatforms) = preSolution
		Debug|Any CPU = Debug|Any CPU
		Release|Any CPU = Release|Any CPU
	EndGlobalSection
	GlobalSection(ProjectConfigurationPlatforms) = postSolution
		{2C0C1D87-B811-46AA-B70D-08094F5C99DE}.Debug|Any CPU.ActiveCfg = Debug|Any CPU
		{2C0C1D87-B811-46AA-B70D-08094F5C99DE}.Debug|Any CPU.Build.0 = Debug|Any CPU
		{2C0C1D87-B811-46AA-B70D-08094F5C99DE}.Release|Any CPU.ActiveCfg = Release|Any CPU
		{2C0C1D87-B811-46AA-B70D-08094F5C99DE}.Release|Any CPU.Build.0 = Release|Any CPU
	EndGlobalSection
	GlobalSection(SolutionProperties) = preSolution
		HideSolutionNode = FALSE
	EndGlobalSection
	GlobalSection(ExtensibilityGlobals) = postSolution
		SolutionGuid = {C75A99C6-BDF6-4516-BBEE-3A9B98B147F5}
	EndGlobalSection
EndGlobal
